{
    "_meta": {
        "hash": {
            "sha256": "618061dda79de371e9b97713324edb7d9418e76e9c2912d78e75371254a57fb2"
        },
        "pipfile-spec": 6,
        "requires": {
            "python_version": "3.6"
        },
        "sources": [
            {
                "name": "pypi",
                "url": "https://pypi.python.org/simple",
                "verify_ssl": true
            }
        ]
    },
    "default": {
        "amqp": {
            "hashes": [
                "sha256:70cdb10628468ff14e57ec2f751c7aa9e48e7e3651cfd62d431213c0c4e58f21",
                "sha256:aa7f313fb887c91f15474c1229907a04dac0b8135822d6603437803424c0aa59"
            ],
            "markers": "python_version >= '2.7' and python_version not in '3.0, 3.1, 3.2, 3.3, 3.4'",
            "version": "==2.6.1"
        },
        "backcall": {
            "hashes": [
                "sha256:5cbdbf27be5e7cfadb448baf0aa95508f91f2bbc6c6437cd9cd06e2a4c215e1e",
                "sha256:fbbce6a29f263178a1f7915c1940bde0ec2b2a967566fe1c65c1dfb7422bd255"
            ],
            "version": "==0.2.0"
        },
        "beautifulsoup4": {
            "hashes": [
                "sha256:11a9a27b7d3bddc6d86f59fb76afb70e921a25ac2d6cc55b40d072bd68435a76",
                "sha256:7015e76bf32f1f574636c4288399a6de66ce08fb7b2457f628a8d70c0fbabb11",
                "sha256:808b6ac932dccb0a4126558f7dfdcf41710dd44a4ef497a0bb59a77f9f078e89"
            ],
            "index": "pypi",
            "version": "==4.6.0"
        },
        "billiard": {
            "hashes": [
                "sha256:42d9a227401ac4fba892918bba0a0c409def5435c4b483267ebfe821afaaba0e"
            ],
            "version": "==3.5.0.5"
        },
        "celery": {
            "extras": [
                "redis"
            ],
            "hashes": [
                "sha256:77ff3730198d6a17b3c1f05579ebe570b579efb35f6d7e13dba3b1368d068b35",
                "sha256:81a67f0d53a688ec2bc8557bd5d6d7218f925a6f2e6df80e01560de9e28997ec"
            ],
            "index": "pypi",
            "version": "==4.1.0"
        },
        "certifi": {
            "hashes": [
                "sha256:78884e7c1d4b00ce3cea67b44566851c4343c120abd683433ce934a68ea58872",
                "sha256:d62a0163eb4c2344ac042ab2bdf75399a71a2d8c7d47eac2e2ee91b9d6339569"
            ],
            "version": "==2021.10.8"
        },
        "chardet": {
            "hashes": [
                "sha256:84ab92ed1c4d4f16916e05906b6b75a6c0fb5db821cc65e70cbd64a3e2a5eaae",
                "sha256:fc323ffcaeaed0e0a02bf4d117757b98aed530d9ed4531e3e15460124c106691"
            ],
            "version": "==3.0.4"
        },
        "decorator": {
            "hashes": [
                "sha256:637996211036b6385ef91435e4fae22989472f9d571faba8927ba8253acbc330",
                "sha256:b8c3f85900b9dc423225913c5aace94729fe1fa9763b38939a95226f02d37186"
            ],
            "markers": "python_version >= '3.5'",
            "version": "==5.1.1"
        },
        "deprecated": {
            "hashes": [
                "sha256:43ac5335da90c31c24ba028af536a91d41d53f9e6901ddb021bcc572ce44e38d",
                "sha256:64756e3e14c8c5eea9795d93c524551432a0be75629f8f29e67ab8caf076c76d"
            ],
            "markers": "python_version >= '2.7' and python_version not in '3.0, 3.1, 3.2, 3.3'",
            "version": "==1.2.13"
        },
        "dj-database-url": {
            "hashes": [
                "sha256:a6832d8445ee9d788c5baa48aef8130bf61fdc442f7d9a548424d25cd85c9f08",
                "sha256:e16d94c382ea0564c48038fa7fe8d9c890ef1ab1a8ec4cb48e732c124b9482fd"
            ],
            "index": "pypi",
            "version": "==0.4.2"
        },
        "django": {
            "hashes": [
                "sha256:7ab6a9c798a5f9f359ee6da3677211f883fb02ef32cebe9b29751eb7a871febf",
                "sha256:c3b42ca1efa1c0a129a9e863134cc3fe705c651dea3a04a7998019e522af0c60"
            ],
            "index": "pypi",
            "version": "==1.11.6"
        },
        "django-cors-headers": {
            "hashes": [
                "sha256:451bc37a514792c2b46c52362368f7985985933ecdbf1a85f82652579a5cbe01",
                "sha256:4e02be61ffaaab5917f1fd7cc3c305c4fb7ccd0156a649c96f49bc0a09c5f572"
            ],
            "index": "pypi",
            "version": "==2.1.0"
        },
        "django-environ": {
            "hashes": [
                "sha256:e9c171b9d5f540e6f3bc42866941d9cd0bd77fb110a7c13a7c4857a2c08cfa40",
                "sha256:ee2f8405d83137e3328b26b3de01bd715b5395fca22feb919dcc905fb6099cfa"
            ],
            "index": "pypi",
            "version": "==0.4.4"
        },
        "django-filter": {
            "hashes": [
                "sha256:ea204242ea83790e1512c9d0d8255002a652a6f4986e93cee664f28955ba0c22",
                "sha256:ec0ef1ba23ef95b1620f5d481334413700fb33f45cd76d56a63f4b0b1d76976a"
            ],
            "index": "pypi",
            "version": "==1.1.0"
        },
        "djangorestframework": {
            "hashes": [
                "sha256:305b2c6564ca46d3b558ba21110ed717135c467adf1a6dfd192bd85f4bb04d50",
                "sha256:cd7f0f678d63e2be561834ff2049eef6d9fd6fb85c63bea7e94597b36c015bf4"
            ],
            "index": "pypi",
            "version": "==3.7.1"
        },
        "gevent": {
            "hashes": [
                "sha256:0901975628790e8a57fc92bb7062e5b856edea48c8de9caf36cfda14eae07329",
                "sha256:1af93825db5753550fa8ff5ab2f2132e8733170b3f8d38347b34fa4a984cb624",
                "sha256:2ff045a91509c35664c27a849c8cbf742a227f587b7cdbc88301e9c85dcaedff",
                "sha256:33fa6759eabc9176ddbe0d29b66867a82e19a61f06eb7cfabbac35343c0ecf24",
                "sha256:35790f1a3c8e431ada3471b70bb2105050009ea4beb15cbe41b86bc716a7ffa9",
                "sha256:4791c8ae9c57d6f153354736e1ccab1e2baf6c8d9ae5a77a9ac90f41e2966b2d",
                "sha256:4f098002126ebef7f2907188b6c8b09e5193161ce968847d9e6a8bc832b0db9a",
                "sha256:552719cec4721673b8c7d2f9de666e3f7591b9b182f801ecaef1c76e638052aa",
                "sha256:59e9237af027f8db85e5d78a9da2e328ae96f01d67a0d62abcecad3db7876908",
                "sha256:60109741377367eef8ded9283a1bf629621b73acaf3e1e8aac9d1a0f50fa0f05",
                "sha256:6892fabc9051e8c0a171d543b6536859aabeb6d169db79b2f45d64dc2a15808c",
                "sha256:70558dd45c7a1f8046ba45792e489dd0f409bd8a3b7a0635ca9d3055223b3dff",
                "sha256:74bce0c30bb2240e3d5d515ba8cb3eadf840c2bde7109a1979c7a26c9d0f5a6a",
                "sha256:7f93b67b680f4a921f517294048d05f8f6f0ed5962b78d6685a6cf0fcd7d8202",
                "sha256:81cb24e0f7bd9888596364e8d8ed0d65c2547c84884c67bb46d956faeed67396",
                "sha256:833bebdc36bfeeedefc200ca9aee9b8eddd80f56b63ca1e886e18b97b1240edd",
                "sha256:8a710eddb3e9e5f22bdbd458b5f211b94f59409ecd6896f15b9fee2cba266a59",
                "sha256:9b492bb1a043540abb6e54fdb5537531e24962ca49c09f3b47dc4f9c37f6297c",
                "sha256:a0ed8ba787b9c0c1c565c2675d71652e6c1e2d4e91f53530860d0303e867fe85",
                "sha256:a16db4f56699ef07f0249b953ff949aae641e50b2bdc4710f11c0d8d9089b296",
                "sha256:a66cf99f08da65c501826a19e30f5a6e7ba942fdd79baba5ce2d51eebaa13444",
                "sha256:b67a10799923f9fed546ca5f8b93a2819c71a60132d7a97b4a13fbdab66b278a",
                "sha256:b7e0e6400c2f3ce78a9ae1cdd55b53166feedd003d60c033863881227129a4d3",
                "sha256:c35b29de49211014ec66d056fd4f9ba7a04795e2a654697f72879c0cf365d6d4",
                "sha256:c9dd6534c46ed782e2d7236767cd07115cb29ce8670c2fc0794f264de9024fe0",
                "sha256:de13a8e378103af84a8bf6015ad1d2761d46f29b8393e8dd6d9bb7cb51bbb713",
                "sha256:deafd70d04ab62428d4e291e8e2c0fb22f38690e6a9f23a67ee6c304087634da",
                "sha256:df52e06a2754c2d905aad75a7dc06a732c804d9edbc87f06f47c8f483ba98bca",
                "sha256:fce894a64db3911897cdad6c37fbb23dfb18b7bf8b9cb8c00a8ea0a7253651c9"
            ],
            "index": "pypi",
            "version": "==1.2.2"
        },
        "greenlet": {
            "hashes": [
                "sha256:0051c6f1f27cb756ffc0ffbac7d2cd48cb0362ac1736871399a739b2885134d3",
                "sha256:00e44c8afdbe5467e4f7b5851be223be68adb4272f44696ee71fe46b7036a711",
                "sha256:013d61294b6cd8fe3242932c1c5e36e5d1db2c8afb58606c5a67efce62c1f5fd",
                "sha256:049fe7579230e44daef03a259faa24511d10ebfa44f69411d99e6a184fe68073",
                "sha256:14d4f3cd4e8b524ae9b8aa567858beed70c392fdec26dbdb0a8a418392e71708",
                "sha256:166eac03e48784a6a6e0e5f041cfebb1ab400b394db188c48b3a84737f505b67",
                "sha256:17ff94e7a83aa8671a25bf5b59326ec26da379ace2ebc4411d690d80a7fbcf23",
                "sha256:1e12bdc622676ce47ae9abbf455c189e442afdde8818d9da983085df6312e7a1",
                "sha256:21915eb821a6b3d9d8eefdaf57d6c345b970ad722f856cd71739493ce003ad08",
                "sha256:288c6a76705dc54fba69fbcb59904ae4ad768b4c768839b8ca5fdadec6dd8cfd",
                "sha256:2bde6792f313f4e918caabc46532aa64aa27a0db05d75b20edfc5c6f46479de2",
                "sha256:32ca72bbc673adbcfecb935bb3fb1b74e663d10a4b241aaa2f5a75fe1d1f90aa",
                "sha256:356b3576ad078c89a6107caa9c50cc14e98e3a6c4874a37c3e0273e4baf33de8",
                "sha256:40b951f601af999a8bf2ce8c71e8aaa4e8c6f78ff8afae7b808aae2dc50d4c40",
                "sha256:572e1787d1460da79590bf44304abbc0a2da944ea64ec549188fa84d89bba7ab",
                "sha256:58df5c2a0e293bf665a51f8a100d3e9956febfbf1d9aaf8c0677cf70218910c6",
                "sha256:64e6175c2e53195278d7388c454e0b30997573f3f4bd63697f88d855f7a6a1fc",
                "sha256:7227b47e73dedaa513cdebb98469705ef0d66eb5a1250144468e9c3097d6b59b",
                "sha256:7418b6bfc7fe3331541b84bb2141c9baf1ec7132a7ecd9f375912eca810e714e",
                "sha256:7cbd7574ce8e138bda9df4efc6bf2ab8572c9aff640d8ecfece1b006b68da963",
                "sha256:7ff61ff178250f9bb3cd89752df0f1dd0e27316a8bd1465351652b1b4a4cdfd3",
                "sha256:833e1551925ed51e6b44c800e71e77dacd7e49181fdc9ac9a0bf3714d515785d",
                "sha256:8639cadfda96737427330a094476d4c7a56ac03de7265622fcf4cfe57c8ae18d",
                "sha256:8c5d5b35f789a030ebb95bff352f1d27a93d81069f2adb3182d99882e095cefe",
                "sha256:8c790abda465726cfb8bb08bd4ca9a5d0a7bd77c7ac1ca1b839ad823b948ea28",
                "sha256:8d2f1fb53a421b410751887eb4ff21386d119ef9cde3797bf5e7ed49fb51a3b3",
                "sha256:903bbd302a2378f984aef528f76d4c9b1748f318fe1294961c072bdc7f2ffa3e",
                "sha256:93f81b134a165cc17123626ab8da2e30c0455441d4ab5576eed73a64c025b25c",
                "sha256:95e69877983ea39b7303570fa6760f81a3eec23d0e3ab2021b7144b94d06202d",
                "sha256:9633b3034d3d901f0a46b7939f8c4d64427dfba6bbc5a36b1a67364cf148a1b0",
                "sha256:97e5306482182170ade15c4b0d8386ded995a07d7cc2ca8f27958d34d6736497",
                "sha256:9f3cba480d3deb69f6ee2c1825060177a22c7826431458c697df88e6aeb3caee",
                "sha256:aa5b467f15e78b82257319aebc78dd2915e4c1436c3c0d1ad6f53e47ba6e2713",
                "sha256:abb7a75ed8b968f3061327c433a0fbd17b729947b400747c334a9c29a9af6c58",
                "sha256:aec52725173bd3a7b56fe91bc56eccb26fbdff1386ef123abb63c84c5b43b63a",
                "sha256:b11548073a2213d950c3f671aa88e6f83cda6e2fb97a8b6317b1b5b33d850e06",
                "sha256:b1692f7d6bc45e3200844be0dba153612103db241691088626a33ff1f24a0d88",
                "sha256:b336501a05e13b616ef81ce329c0e09ac5ed8c732d9ba7e3e983fcc1a9e86965",
                "sha256:b8c008de9d0daba7b6666aa5bbfdc23dcd78cafc33997c9b7741ff6353bafb7f",
                "sha256:b92e29e58bef6d9cfd340c72b04d74c4b4e9f70c9fa7c78b674d1fec18896dc4",
                "sha256:be5f425ff1f5f4b3c1e33ad64ab994eed12fc284a6ea71c5243fd564502ecbe5",
                "sha256:dd0b1e9e891f69e7675ba5c92e28b90eaa045f6ab134ffe70b52e948aa175b3c",
                "sha256:e30f5ea4ae2346e62cedde8794a56858a67b878dd79f7df76a0767e356b1744a",
                "sha256:e6a36bb9474218c7a5b27ae476035497a6990e21d04c279884eb10d9b290f1b1",
                "sha256:e859fcb4cbe93504ea18008d1df98dee4f7766db66c435e4882ab35cf70cac43",
                "sha256:eb6ea6da4c787111adf40f697b4e58732ee0942b5d3bd8f435277643329ba627",
                "sha256:ec8c433b3ab0419100bd45b47c9c8551248a5aee30ca5e9d399a0b57ac04651b",
                "sha256:eff9d20417ff9dcb0d25e2defc2574d10b491bf2e693b4e491914738b7908168",
                "sha256:f0214eb2a23b85528310dad848ad2ac58e735612929c8072f6093f3585fd342d",
                "sha256:f276df9830dba7a333544bd41070e8175762a7ac20350786b322b714b0e654f5",
                "sha256:f3acda1924472472ddd60c29e5b9db0cec629fbe3c5c5accb74d6d6d14773478",
                "sha256:f70a9e237bb792c7cc7e44c531fd48f5897961701cdaa06cf22fc14965c496cf",
                "sha256:f9d29ca8a77117315101425ec7ec2a47a22ccf59f5593378fc4077ac5b754fce",
                "sha256:fa877ca7f6b48054f847b61d6fa7bed5cebb663ebc55e018fda12db09dcc664c",
                "sha256:fdcec0b8399108577ec290f55551d926d9a1fa6cad45882093a7a07ac5ec147b"
            ],
            "markers": "python_version >= '2.7' and python_version not in '3.0, 3.1, 3.2, 3.3, 3.4'",
            "version": "==1.1.2"
        },
        "gunicorn": {
            "hashes": [
                "sha256:75af03c99389535f218cc596c7de74df4763803f7b63eb09d77e92b3956b36c6",
                "sha256:eee1169f0ca667be05db3351a0960765620dad53f53434262ff8901b68a1b622"
            ],
            "index": "pypi",
            "version": "==19.7.1"
        },
        "idna": {
            "hashes": [
                "sha256:2c6a5de3089009e3da7c5dde64a141dbc8551d5b7f6cf4ed7c2568d0cc520a8f",
                "sha256:8c7309c718f94b3a625cb648ace320157ad16ff131ae0af362c9f21b80ef6ec4"
            ],
            "version": "==2.6"
        },
        "importlib-metadata": {
            "hashes": [
                "sha256:65a9576a5b2d58ca44d133c42a241905cc45e34d2c06fd5ba2bafa221e5d7b5e",
                "sha256:766abffff765960fcc18003801f7044eb6755ffae4521c8e8ce8e83b9c9b0668"
            ],
            "markers": "python_version < '3.8'",
            "version": "==4.8.3"
        },
        "ipython": {
            "hashes": [
                "sha256:5ac47dc9af66fc2f5530c12069390877ae372ac905edca75a92a6e363b5d7caa",
                "sha256:c0427ed8bc33ac481faf9d3acf7e84e0010cdaada945e0badd1e2e74cc075833"
            ],
            "index": "pypi",
            "version": "==7.16.3"
        },
        "ipython-genutils": {
            "hashes": [
                "sha256:72dd37233799e619666c9f639a9da83c34013a73e8bbc79a7a6348d93c61fab8",
                "sha256:eb2e116e75ecef9d4d228fdc66af54269afa26ab4463042e33785b887c628ba8"
            ],
            "version": "==0.2.0"
        },
        "jedi": {
            "hashes": [
                "sha256:86ed7d9b750603e4ba582ea8edc678657fb4007894a12bcf6f4bb97892f31d20",
                "sha256:98cc583fa0f2f8304968199b01b6b4b94f469a1f4a74c1560506ca2a211378b5"
            ],
            "markers": "python_version >= '2.7' and python_version not in '3.0, 3.1, 3.2, 3.3, 3.4'",
            "version": "==0.17.2"
        },
        "kombu": {
            "hashes": [
                "sha256:be48cdffb54a2194d93ad6533d73f69408486483d189fe9f5990ee24255b0e0a",
                "sha256:ca1b45faac8c0b18493d02a8571792f3c40291cf2bcf1f55afed3d8f3aa7ba74"
            ],
            "markers": "python_version >= '2.7' and python_version not in '3.0, 3.1, 3.2, 3.3, 3.4'",
            "version": "==4.6.11"
        },
        "markdown": {
            "hashes": [
                "sha256:73af797238b95768b3a9b6fe6270e250e5c09d988b8e5b223fd5efa4e06faf81"
            ],
            "index": "pypi",
            "version": "==2.6.9"
        },
        "packaging": {
            "hashes": [
                "sha256:dd47c42927d89ab911e606518907cc2d3a1f38bbd026385970643f9c5b8ecfeb",
                "sha256:ef103e05f519cdc783ae24ea4e2e0f508a9c99b2d4969652eed6a2e1ea5bd522"
            ],
            "markers": "python_version >= '3.6'",
            "version": "==21.3"
        },
        "parso": {
            "hashes": [
                "sha256:97218d9159b2520ff45eb78028ba8b50d2bc61dcc062a9682666f2dc4bd331ea",
                "sha256:caba44724b994a8a5e086460bb212abc5a8bc46951bf4a9a1210745953622eb9"
            ],
            "markers": "python_version >= '2.7' and python_version not in '3.0, 3.1, 3.2, 3.3'",
            "version": "==0.7.1"
        },
        "pexpect": {
            "hashes": [
                "sha256:0b48a55dcb3c05f3329815901ea4fc1537514d6ba867a152b581d69ae3710937",
                "sha256:fc65a43959d153d0114afe13997d439c22823a27cefceb5ff35c2178c6784c0c"
            ],
            "markers": "sys_platform != 'win32'",
            "version": "==4.8.0"
        },
        "pickleshare": {
            "hashes": [
                "sha256:87683d47965c1da65cdacaf31c8441d12b8044cdec9aca500cd78fc2c683afca",
                "sha256:9649af414d74d4df115d5d718f82acb59c9d418196b7b4290ed47a12ce62df56"
            ],
            "version": "==0.7.5"
        },
        "prompt-toolkit": {
            "hashes": [
                "sha256:1bb05628c7d87b645974a1bad3f17612be0c29fa39af9f7688030163f680bad6",
                "sha256:e56f2ff799bacecd3e88165b1e2f5ebf9bcd59e80e06d395fa0cc4b8bd7bb506"
            ],
            "markers": "python_full_version >= '3.6.2'",
            "version": "==3.0.24"
        },
        "psycopg2": {
            "hashes": [
                "sha256:009e0bc09a57dbef4b601cb8b46a2abad51f5274c8be4bba276ff2884cd4cc53",
                "sha256:0344b181e1aea37a58c218ccb0f0f771295de9aa25a625ed076e6996c6530f9e",
                "sha256:0cd4c848f0e9d805d531e44973c8f48962e20eb7fc0edac3db4f9dbf9ed5ab82",
                "sha256:1286dd16d0e46d59fa54582725986704a7a3f3d9aca6c5902a7eceb10c60cb7e",
                "sha256:1cf5d84290c771eeecb734abe2c6c3120e9837eb12f99474141a862b9061ac51",
                "sha256:207ba4f9125a0a4200691e82d5eee7ea1485708eabe99a07fc7f08696fae62f4",
                "sha256:25250867a4cd1510fb755ef9cb38da3065def999d8e92c44e49a39b9b76bc893",
                "sha256:2954557393cfc9a5c11a5199c7a78cd9c0c793a047552d27b1636da50d013916",
                "sha256:317612d5d0ca4a9f7e42afb2add69b10be360784d21ce4ecfbca19f1f5eadf43",
                "sha256:37f54452c7787dbdc0a634ca9773362b91709917f0b365ed14b831f03cbd34ba",
                "sha256:40fa5630cd7d237cd93c4d4b64b9e5ed9273d1cfce55241c7f9066f5db70629d",
                "sha256:57baf63aeb2965ca4b52613ce78e968b6d2bde700c97f6a7e8c6c236b51ab83e",
                "sha256:594aa9a095de16614f703d759e10c018bdffeafce2921b8e80a0e8a0ebbc12e5",
                "sha256:5c3213be557d0468f9df8fe2487eaf2990d9799202c5ff5cb8d394d09fad9b2a",
                "sha256:697ff63bc5451e0b0db48ad205151123d25683b3754198be7ab5fcb44334e519",
                "sha256:6c2f1a76a9ebd9ecf7825b9e20860139ca502c2bf1beabf6accf6c9e66a7e0c3",
                "sha256:7a75565181e75ba0b9fb174b58172bf6ea9b4331631cfe7bafff03f3641f5d73",
                "sha256:7a9c6c62e6e05df5406e9b5235c31c376a22620ef26715a663cee57083b3c2ea",
                "sha256:7c31dade89634807196a6b20ced831fbd5bec8a21c4e458ea950c9102c3aa96f",
                "sha256:82c40ea3ac1555e0462803380609fbe8b26f52620f3d4f8eb480cfd8ceed8a14",
                "sha256:8f5942a4daf1ffac42109dc4a72f786af4baa4fa702ede1d7c57b4b696c2e7d6",
                "sha256:92179bd68c2efe72924a99b6745a9172471931fc296f9bfdf9645b75eebd6344",
                "sha256:94e4128ba1ea56f02522fffac65520091a9de3f5c00da31539e085e13db4771b",
                "sha256:988d2ec7560d42ef0ac34b3b97aad14c4f068792f00e1524fa1d3749fe4e4b64",
                "sha256:9d6266348b15b4a48623bf4d3e50445d8e581da413644f365805b321703d0fac",
                "sha256:9d64fed2681552ed642e9c0cc831a9e95ab91de72b47d0cb68b5bf506ba88647",
                "sha256:b9358e203168fef7bfe9f430afaed3a2a624717a1d19c7afa7dfcbd76e3cd95c",
                "sha256:bf708455cd1e9fa96c05126e89a0c59b200d086c7df7bbafc7d9be769e4149a3",
                "sha256:d3ac07240e2304181ffdb13c099840b5eb555efc7be9344503c0c03aa681de79",
                "sha256:ddca39cc55877653b5fcf59976d073e3d58c7c406ef54ae8e61ddf8782867182",
                "sha256:fc993c9331d91766d54757bbc70231e29d5ceb2d1ac08b1570feaa0c38ab9582"
            ],
            "index": "pypi",
            "version": "==2.7.3.2"
        },
        "ptyprocess": {
            "hashes": [
                "sha256:4b41f3967fce3af57cc7e94b888626c18bf37a083e3651ca8feeb66d492fef35",
                "sha256:5c5d0a3b48ceee0b48485e0c26037c0acd7d29765ca3fbb5cb3831d347423220"
            ],
            "version": "==0.7.0"
        },
        "pygments": {
            "hashes": [
                "sha256:44238f1b60a76d78fc8ca0528ee429702aae011c265fe6a8dd8b63049ae41c65",
                "sha256:4e426f72023d88d03b2fa258de560726ce890ff3b630f88c21cbb8b2503b8c6a"
            ],
            "markers": "python_version >= '3.5'",
            "version": "==2.11.2"
        },
        "pyparsing": {
            "hashes": [
                "sha256:18ee9022775d270c55187733956460083db60b37d0d0fb357445f3094eed3eea",
                "sha256:a6c06a88f252e6c322f65faf8f418b16213b51bdfaece0524c1c1bc30c63c484"
            ],
            "markers": "python_version >= '3.6'",
            "version": "==3.0.7"
        },
        "pytz": {
            "hashes": [
                "sha256:3672058bc3453457b622aab7a1c3bfd5ab0bdae451512f6cf25f64ed37f5b87c",
                "sha256:acad2d8b20a1af07d4e4c9d2e9285c5ed9104354062f275f3fcd88dcef4f1326"
            ],
            "version": "==2021.3"
        },
        "redis": {
            "hashes": [
                "sha256:07420a3fbedd8e012c31d4fadac943fb81568946da202c5a5bc237774e5280a0",
                "sha256:bc97d18938ca18d66737d0ef88584a2073069589e4026813cfba9ad6df9a9f40"
            ],
            "version": "==4.1.1"
        },
        "requests": {
            "hashes": [
                "sha256:6a1b267aa90cac58ac3a765d067950e7dbbf75b1da07e895d1f594193a40a38b",
                "sha256:9c443e7324ba5b85070c4a818ade28bfabedf16ea10206da1132edaa6dda237e"
            ],
            "index": "pypi",
            "version": "==2.18.4"
        },
        "setuptools": {
            "hashes": [
                "sha256:22c7348c6d2976a52632c67f7ab0cdf40147db7789f9aed18734643fe9cf3373",
                "sha256:4ce92f1e1f8f01233ee9952c04f6b81d1e02939d6e1b488428154974a4d0783e"
            ],
            "markers": "python_version >= '3.6'",
            "version": "==59.6.0"
        },
        "six": {
            "hashes": [
                "sha256:1e61c37477a1626458e36f7b1d82aa5c9b094fa4802892072e49de9c60c4c926",
                "sha256:8abb2f1d86890a2dfb989f9a77cfcfd3e47c2a354b01111771326f8aa26e0254"
            ],
            "markers": "python_version >= '2.7' and python_version not in '3.0, 3.1, 3.2, 3.3'",
            "version": "==1.16.0"
        },
        "traitlets": {
            "hashes": [
                "sha256:70b4c6a1d9019d7b4f6846832288f86998aa3b9207c6821f3578a6a6a467fe44",
                "sha256:d023ee369ddd2763310e4c3eae1ff649689440d4ae59d7485eb4cfbbe3e359f7"
            ],
            "version": "==4.3.3"
        },
        "typing-extensions": {
            "hashes": [
                "sha256:4ca091dea149f945ec56afb48dae714f21e8692ef22a395223bcd328961b6a0e",
                "sha256:7f001e5ac290a0c0401508864c7ec868be4e701886d5b573a9528ed3973d9d3b"
            ],
            "markers": "python_version < '3.8'",
            "version": "==4.0.1"
        },
        "urllib3": {
            "hashes": [
                "sha256:06330f386d6e4b195fbfc736b297f58c5a892e4440e54d294d7004e3a9bbea1b",
                "sha256:cc44da8e1145637334317feebd728bd869a35285b93cbb4cca2577da7e62db4f"
            ],
            "version": "==1.22"
        },
        "vine": {
            "hashes": [
                "sha256:133ee6d7a9016f177ddeaf191c1f58421a1dcc6ee9a42c58b34bed40e1d2cd87",
                "sha256:ea4947cc56d1fd6f2095c8d543ee25dad966f78692528e68b4fada11ba3f98af"
            ],
            "markers": "python_version >= '2.7' and python_version not in '3.0, 3.1, 3.2, 3.3'",
            "version": "==1.3.0"
        },
        "wcwidth": {
            "hashes": [
                "sha256:beb4802a9cebb9144e99086eff703a642a13d6a0052920003a230f3294bbe784",
                "sha256:c4d647b99872929fdb7bdcaa4fbe7f01413ed3d98077df798530e5b04f116c83"
            ],
            "version": "==0.2.5"
        },
        "whitenoise": {
            "hashes": [
                "sha256:15f43b2e701821b95c9016cf469d29e2a546cb1c7dead584ba82c36f843995cf",
                "sha256:9d81515f2b5b27051910996e1e860b1332e354d9e7bcf30c98f21dcb6713e0dd"
            ],
            "index": "pypi",
            "version": "==3.3.1"
        },
        "wrapt": {
            "hashes": [
                "sha256:086218a72ec7d986a3eddb7707c8c4526d677c7b35e355875a0fe2918b059179",
                "sha256:0877fe981fd76b183711d767500e6b3111378ed2043c145e21816ee589d91096",
                "sha256:0a017a667d1f7411816e4bf214646d0ad5b1da2c1ea13dec6c162736ff25a374",
                "sha256:0cb23d36ed03bf46b894cfec777eec754146d68429c30431c99ef28482b5c1df",
                "sha256:1fea9cd438686e6682271d36f3481a9f3636195578bab9ca3382e2f5f01fc185",
                "sha256:220a869982ea9023e163ba915077816ca439489de6d2c09089b219f4e11b6785",
                "sha256:25b1b1d5df495d82be1c9d2fad408f7ce5ca8a38085e2da41bb63c914baadff7",
                "sha256:2dded5496e8f1592ec27079b28b6ad2a1ef0b9296d270f77b8e4a3a796cf6909",
                "sha256:2ebdde19cd3c8cdf8df3fc165bc7827334bc4e353465048b36f7deeae8ee0918",
                "sha256:43e69ffe47e3609a6aec0fe723001c60c65305784d964f5007d5b4fb1bc6bf33",
                "sha256:46f7f3af321a573fc0c3586612db4decb7eb37172af1bc6173d81f5b66c2e068",
                "sha256:47f0a183743e7f71f29e4e21574ad3fa95676136f45b91afcf83f6a050914829",
                "sha256:498e6217523111d07cd67e87a791f5e9ee769f9241fcf8a379696e25806965af",
                "sha256:4b9c458732450ec42578b5642ac53e312092acf8c0bfce140ada5ca1ac556f79",
                "sha256:51799ca950cfee9396a87f4a1240622ac38973b6df5ef7a41e7f0b98797099ce",
                "sha256:5601f44a0f38fed36cc07db004f0eedeaadbdcec90e4e90509480e7e6060a5bc",
                "sha256:5f223101f21cfd41deec8ce3889dc59f88a59b409db028c469c9b20cfeefbe36",
                "sha256:610f5f83dd1e0ad40254c306f4764fcdc846641f120c3cf424ff57a19d5f7ade",
                "sha256:6a03d9917aee887690aa3f1747ce634e610f6db6f6b332b35c2dd89412912bca",
                "sha256:705e2af1f7be4707e49ced9153f8d72131090e52be9278b5dbb1498c749a1e32",
                "sha256:766b32c762e07e26f50d8a3468e3b4228b3736c805018e4b0ec8cc01ecd88125",
                "sha256:77416e6b17926d953b5c666a3cb718d5945df63ecf922af0ee576206d7033b5e",
                "sha256:778fd096ee96890c10ce96187c76b3e99b2da44e08c9e24d5652f356873f6709",
                "sha256:78dea98c81915bbf510eb6a3c9c24915e4660302937b9ae05a0947164248020f",
                "sha256:7dd215e4e8514004c8d810a73e342c536547038fb130205ec4bba9f5de35d45b",
                "sha256:7dde79d007cd6dfa65afe404766057c2409316135cb892be4b1c768e3f3a11cb",
                "sha256:81bd7c90d28a4b2e1df135bfbd7c23aee3050078ca6441bead44c42483f9ebfb",
                "sha256:85148f4225287b6a0665eef08a178c15097366d46b210574a658c1ff5b377489",
                "sha256:865c0b50003616f05858b22174c40ffc27a38e67359fa1495605f96125f76640",
                "sha256:87883690cae293541e08ba2da22cacaae0a092e0ed56bbba8d018cc486fbafbb",
                "sha256:8aab36778fa9bba1a8f06a4919556f9f8c7b33102bd71b3ab307bb3fecb21851",
                "sha256:8c73c1a2ec7c98d7eaded149f6d225a692caa1bd7b2401a14125446e9e90410d",
                "sha256:936503cb0a6ed28dbfa87e8fcd0a56458822144e9d11a49ccee6d9a8adb2ac44",
                "sha256:944b180f61f5e36c0634d3202ba8509b986b5fbaf57db3e94df11abee244ba13",
                "sha256:96b81ae75591a795d8c90edc0bfaab44d3d41ffc1aae4d994c5aa21d9b8e19a2",
                "sha256:981da26722bebb9247a0601e2922cedf8bb7a600e89c852d063313102de6f2cb",
                "sha256:ae9de71eb60940e58207f8e71fe113c639da42adb02fb2bcbcaccc1ccecd092b",
                "sha256:b73d4b78807bd299b38e4598b8e7bd34ed55d480160d2e7fdaabd9931afa65f9",
                "sha256:d4a5f6146cfa5c7ba0134249665acd322a70d1ea61732723c7d3e8cc0fa80755",
                "sha256:dd91006848eb55af2159375134d724032a2d1d13bcc6f81cd8d3ed9f2b8e846c",
                "sha256:e05e60ff3b2b0342153be4d1b597bbcfd8330890056b9619f4ad6b8d5c96a81a",
                "sha256:e6906d6f48437dfd80464f7d7af1740eadc572b9f7a4301e7dd3d65db285cacf",
                "sha256:e92d0d4fa68ea0c02d39f1e2f9cb5bc4b4a71e8c442207433d8db47ee79d7aa3",
                "sha256:e94b7d9deaa4cc7bac9198a58a7240aaf87fe56c6277ee25fa5b3aa1edebd229",
                "sha256:ea3e746e29d4000cd98d572f3ee2a6050a4f784bb536f4ac1f035987fc1ed83e",
                "sha256:ec7e20258ecc5174029a0f391e1b948bf2906cd64c198a9b8b281b811cbc04de",
                "sha256:ec9465dd69d5657b5d2fa6133b3e1e989ae27d29471a672416fd729b429eb554",
                "sha256:f122ccd12fdc69628786d0c947bdd9cb2733be8f800d88b5a37c57f1f1d73c10",
                "sha256:f99c0489258086308aad4ae57da9e8ecf9e1f3f30fa35d5e170b4d4896554d80",
                "sha256:f9c51d9af9abb899bd34ace878fbec8bf357b3194a10c4e8e0a25512826ef056",
                "sha256:fd76c47f20984b43d93de9a82011bb6e5f8325df6c9ed4d8310029a55fa361ea"
            ],
            "markers": "python_version >= '2.7' and python_version not in '3.0, 3.1, 3.2, 3.3, 3.4'",
            "version": "==1.13.3"
        },
        "zipp": {
            "hashes": [
                "sha256:71c644c5369f4a6e07636f0aa966270449561fcea2e3d6747b8d23efaa9d7832",
                "sha256:9fe5ea21568a0a70e50f273397638d39b03353731e6cbbb3fd8502a33fec40bc"
            ],
            "markers": "python_version >= '3.6'",
            "version": "==3.6.0"
        }
    },
    "develop": {}
}
